// !$*UTF8*$!
{
	archiveVersion = 1;
	classes = {
	};
	objectVersion = 46;
	objects = {

/* Begin PBXBuildFile section */
		1BB5781A1DE5D2BD0074B15B /* AppDelegate.swift in Sources */ = {isa = PBXBuildFile; fileRef = 1BB578191DE5D2BD0074B15B /* AppDelegate.swift */; };
		1BB5781C1DE5D2BD0074B15B /* ViewController.swift in Sources */ = {isa = PBXBuildFile; fileRef = 1BB5781B1DE5D2BD0074B15B /* ViewController.swift */; };
		1BB5781F1DE5D2BD0074B15B /* Main.storyboard in Resources */ = {isa = PBXBuildFile; fileRef = 1BB5781D1DE5D2BD0074B15B /* Main.storyboard */; };
		1BB578211DE5D2BD0074B15B /* Assets.xcassets in Resources */ = {isa = PBXBuildFile; fileRef = 1BB578201DE5D2BD0074B15B /* Assets.xcassets */; };
		1BB578241DE5D2BD0074B15B /* LaunchScreen.storyboard in Resources */ = {isa = PBXBuildFile; fileRef = 1BB578221DE5D2BD0074B15B /* LaunchScreen.storyboard */; };
		1BB5782F1DE5D2BD0074B15B /* ReSwiftTodoTests.swift in Sources */ = {isa = PBXBuildFile; fileRef = 1BB5782E1DE5D2BD0074B15B /* ReSwiftTodoTests.swift */; };
		1BB5783A1DE5D2BD0074B15B /* ReSwiftTodoUITests.swift in Sources */ = {isa = PBXBuildFile; fileRef = 1BB578391DE5D2BD0074B15B /* ReSwiftTodoUITests.swift */; };
		1BB578481DE5D2FC0074B15B /* Cartfile in Resources */ = {isa = PBXBuildFile; fileRef = 1BB578471DE5D2FC0074B15B /* Cartfile */; };
		1BB578521DE5D6240074B15B /* TodoAction.swift in Sources */ = {isa = PBXBuildFile; fileRef = 1BB578511DE5D6240074B15B /* TodoAction.swift */; };
		1BB578551DE5D7EC0074B15B /* Todo.swift in Sources */ = {isa = PBXBuildFile; fileRef = 1BB578541DE5D7EC0074B15B /* Todo.swift */; };
		1BB578571DE5D84F0074B15B /* TodoStore.swift in Sources */ = {isa = PBXBuildFile; fileRef = 1BB578561DE5D84F0074B15B /* TodoStore.swift */; };
		1BB578591DE5D8C70074B15B /* TodoListState.swift in Sources */ = {isa = PBXBuildFile; fileRef = 1BB578581DE5D8C70074B15B /* TodoListState.swift */; };
		1BB5785B1DE5D8E70074B15B /* TodoList.swift in Sources */ = {isa = PBXBuildFile; fileRef = 1BB5785A1DE5D8E70074B15B /* TodoList.swift */; };
		1BB5785D1DE5DC1C0074B15B /* TodoListReducer.swift in Sources */ = {isa = PBXBuildFile; fileRef = 1BB5785C1DE5DC1C0074B15B /* TodoListReducer.swift */; };
		1BB5785F1DE5E17B0074B15B /* TodoTableViewCell.swift in Sources */ = {isa = PBXBuildFile; fileRef = 1BB5785E1DE5E17B0074B15B /* TodoTableViewCell.swift */; };
		1BB5786C1DE5E7610074B15B /* AddTodoViewController.swift in Sources */ = {isa = PBXBuildFile; fileRef = 1BB5786B1DE5E7610074B15B /* AddTodoViewController.swift */; };
		9A5058E99264563FE0B8D611 /* Pods_ReSwiftTodo.framework in Frameworks */ = {isa = PBXBuildFile; fileRef = 89235067754836B8643AA39A /* Pods_ReSwiftTodo.framework */; };
		B662FF1D7C12319E717A1E61 /* Pods_ReSwiftTodoUITests.framework in Frameworks */ = {isa = PBXBuildFile; fileRef = A991F6059FFB11506DEF015C /* Pods_ReSwiftTodoUITests.framework */; };
		E8C6B2A140F53FA5EF54965B /* Pods_ReSwiftTodoTests.framework in Frameworks */ = {isa = PBXBuildFile; fileRef = EC08BE56D6640E3796021B27 /* Pods_ReSwiftTodoTests.framework */; };
/* End PBXBuildFile section */

/* Begin PBXContainerItemProxy section */
		1BB5782B1DE5D2BD0074B15B /* PBXContainerItemProxy */ = {
			isa = PBXContainerItemProxy;
			containerPortal = 1BB5780E1DE5D2BD0074B15B /* Project object */;
			proxyType = 1;
			remoteGlobalIDString = 1BB578151DE5D2BD0074B15B;
			remoteInfo = ReSwiftTodo;
		};
		1BB578361DE5D2BD0074B15B /* PBXContainerItemProxy */ = {
			isa = PBXContainerItemProxy;
			containerPortal = 1BB5780E1DE5D2BD0074B15B /* Project object */;
			proxyType = 1;
			remoteGlobalIDString = 1BB578151DE5D2BD0074B15B;
			remoteInfo = ReSwiftTodo;
		};
/* End PBXContainerItemProxy section */

/* Begin PBXFileReference section */
		1BB578161DE5D2BD0074B15B /* ReSwiftTodo.app */ = {isa = PBXFileReference; explicitFileType = wrapper.application; includeInIndex = 0; path = ReSwiftTodo.app; sourceTree = BUILT_PRODUCTS_DIR; };
		1BB578191DE5D2BD0074B15B /* AppDelegate.swift */ = {isa = PBXFileReference; lastKnownFileType = sourcecode.swift; path = AppDelegate.swift; sourceTree = "<group>"; };
		1BB5781B1DE5D2BD0074B15B /* ViewController.swift */ = {isa = PBXFileReference; lastKnownFileType = sourcecode.swift; path = ViewController.swift; sourceTree = "<group>"; };
		1BB5781E1DE5D2BD0074B15B /* Base */ = {isa = PBXFileReference; lastKnownFileType = file.storyboard; name = Base; path = Base.lproj/Main.storyboard; sourceTree = "<group>"; };
		1BB578201DE5D2BD0074B15B /* Assets.xcassets */ = {isa = PBXFileReference; lastKnownFileType = folder.assetcatalog; path = Assets.xcassets; sourceTree = "<group>"; };
		1BB578231DE5D2BD0074B15B /* Base */ = {isa = PBXFileReference; lastKnownFileType = file.storyboard; name = Base; path = Base.lproj/LaunchScreen.storyboard; sourceTree = "<group>"; };
		1BB578251DE5D2BD0074B15B /* Info.plist */ = {isa = PBXFileReference; lastKnownFileType = text.plist.xml; path = Info.plist; sourceTree = "<group>"; };
		1BB5782A1DE5D2BD0074B15B /* ReSwiftTodoTests.xctest */ = {isa = PBXFileReference; explicitFileType = wrapper.cfbundle; includeInIndex = 0; path = ReSwiftTodoTests.xctest; sourceTree = BUILT_PRODUCTS_DIR; };
		1BB5782E1DE5D2BD0074B15B /* ReSwiftTodoTests.swift */ = {isa = PBXFileReference; lastKnownFileType = sourcecode.swift; path = ReSwiftTodoTests.swift; sourceTree = "<group>"; };
		1BB578301DE5D2BD0074B15B /* Info.plist */ = {isa = PBXFileReference; lastKnownFileType = text.plist.xml; path = Info.plist; sourceTree = "<group>"; };
		1BB578351DE5D2BD0074B15B /* ReSwiftTodoUITests.xctest */ = {isa = PBXFileReference; explicitFileType = wrapper.cfbundle; includeInIndex = 0; path = ReSwiftTodoUITests.xctest; sourceTree = BUILT_PRODUCTS_DIR; };
		1BB578391DE5D2BD0074B15B /* ReSwiftTodoUITests.swift */ = {isa = PBXFileReference; lastKnownFileType = sourcecode.swift; path = ReSwiftTodoUITests.swift; sourceTree = "<group>"; };
		1BB5783B1DE5D2BD0074B15B /* Info.plist */ = {isa = PBXFileReference; lastKnownFileType = text.plist.xml; path = Info.plist; sourceTree = "<group>"; };
		1BB578471DE5D2FC0074B15B /* Cartfile */ = {isa = PBXFileReference; fileEncoding = 4; lastKnownFileType = text; path = Cartfile; sourceTree = "<group>"; };
		1BB578511DE5D6240074B15B /* TodoAction.swift */ = {isa = PBXFileReference; fileEncoding = 4; lastKnownFileType = sourcecode.swift; path = TodoAction.swift; sourceTree = "<group>"; };
		1BB578541DE5D7EC0074B15B /* Todo.swift */ = {isa = PBXFileReference; fileEncoding = 4; lastKnownFileType = sourcecode.swift; path = Todo.swift; sourceTree = "<group>"; };
		1BB578561DE5D84F0074B15B /* TodoStore.swift */ = {isa = PBXFileReference; fileEncoding = 4; lastKnownFileType = sourcecode.swift; path = TodoStore.swift; sourceTree = "<group>"; };
		1BB578581DE5D8C70074B15B /* TodoListState.swift */ = {isa = PBXFileReference; fileEncoding = 4; lastKnownFileType = sourcecode.swift; path = TodoListState.swift; sourceTree = "<group>"; };
		1BB5785A1DE5D8E70074B15B /* TodoList.swift */ = {isa = PBXFileReference; fileEncoding = 4; lastKnownFileType = sourcecode.swift; path = TodoList.swift; sourceTree = "<group>"; };
		1BB5785C1DE5DC1C0074B15B /* TodoListReducer.swift */ = {isa = PBXFileReference; fileEncoding = 4; lastKnownFileType = sourcecode.swift; path = TodoListReducer.swift; sourceTree = "<group>"; };
		1BB5785E1DE5E17B0074B15B /* TodoTableViewCell.swift */ = {isa = PBXFileReference; fileEncoding = 4; lastKnownFileType = sourcecode.swift; path = TodoTableViewCell.swift; sourceTree = "<group>"; };
		1BB5786B1DE5E7610074B15B /* AddTodoViewController.swift */ = {isa = PBXFileReference; fileEncoding = 4; lastKnownFileType = sourcecode.swift; path = AddTodoViewController.swift; sourceTree = "<group>"; };
		4D1C414C3EB912EA4B526885 /* Pods-ReSwiftTodo.release.xcconfig */ = {isa = PBXFileReference; includeInIndex = 1; lastKnownFileType = text.xcconfig; name = "Pods-ReSwiftTodo.release.xcconfig"; path = "Pods/Target Support Files/Pods-ReSwiftTodo/Pods-ReSwiftTodo.release.xcconfig"; sourceTree = "<group>"; };
		5C0D7319015BA42B0AA5EC16 /* Pods-ReSwiftTodoUITests.release.xcconfig */ = {isa = PBXFileReference; includeInIndex = 1; lastKnownFileType = text.xcconfig; name = "Pods-ReSwiftTodoUITests.release.xcconfig"; path = "Pods/Target Support Files/Pods-ReSwiftTodoUITests/Pods-ReSwiftTodoUITests.release.xcconfig"; sourceTree = "<group>"; };
		89235067754836B8643AA39A /* Pods_ReSwiftTodo.framework */ = {isa = PBXFileReference; explicitFileType = wrapper.framework; includeInIndex = 0; path = Pods_ReSwiftTodo.framework; sourceTree = BUILT_PRODUCTS_DIR; };
		98CC164DC2A2C559B62D7179 /* Pods-ReSwiftTodoUITests.debug.xcconfig */ = {isa = PBXFileReference; includeInIndex = 1; lastKnownFileType = text.xcconfig; name = "Pods-ReSwiftTodoUITests.debug.xcconfig"; path = "Pods/Target Support Files/Pods-ReSwiftTodoUITests/Pods-ReSwiftTodoUITests.debug.xcconfig"; sourceTree = "<group>"; };
		A991F6059FFB11506DEF015C /* Pods_ReSwiftTodoUITests.framework */ = {isa = PBXFileReference; explicitFileType = wrapper.framework; includeInIndex = 0; path = Pods_ReSwiftTodoUITests.framework; sourceTree = BUILT_PRODUCTS_DIR; };
		ADFEC32F97FA350397DCB8EE /* Pods-ReSwiftTodoTests.release.xcconfig */ = {isa = PBXFileReference; includeInIndex = 1; lastKnownFileType = text.xcconfig; name = "Pods-ReSwiftTodoTests.release.xcconfig"; path = "Pods/Target Support Files/Pods-ReSwiftTodoTests/Pods-ReSwiftTodoTests.release.xcconfig"; sourceTree = "<group>"; };
		C8D1F06AE87F1E446E427CA5 /* Pods-ReSwiftTodo.debug.xcconfig */ = {isa = PBXFileReference; includeInIndex = 1; lastKnownFileType = text.xcconfig; name = "Pods-ReSwiftTodo.debug.xcconfig"; path = "Pods/Target Support Files/Pods-ReSwiftTodo/Pods-ReSwiftTodo.debug.xcconfig"; sourceTree = "<group>"; };
		DC05E4CBFA9DB179014AF7B4 /* Pods-ReSwiftTodoTests.debug.xcconfig */ = {isa = PBXFileReference; includeInIndex = 1; lastKnownFileType = text.xcconfig; name = "Pods-ReSwiftTodoTests.debug.xcconfig"; path = "Pods/Target Support Files/Pods-ReSwiftTodoTests/Pods-ReSwiftTodoTests.debug.xcconfig"; sourceTree = "<group>"; };
		EC08BE56D6640E3796021B27 /* Pods_ReSwiftTodoTests.framework */ = {isa = PBXFileReference; explicitFileType = wrapper.framework; includeInIndex = 0; path = Pods_ReSwiftTodoTests.framework; sourceTree = BUILT_PRODUCTS_DIR; };
/* End PBXFileReference section */

/* Begin PBXFrameworksBuildPhase section */
		1BB578131DE5D2BD0074B15B /* Frameworks */ = {
			isa = PBXFrameworksBuildPhase;
			buildActionMask = 2147483647;
			files = (
				9A5058E99264563FE0B8D611 /* Pods_ReSwiftTodo.framework in Frameworks */,
			);
			runOnlyForDeploymentPostprocessing = 0;
		};
		1BB578271DE5D2BD0074B15B /* Frameworks */ = {
			isa = PBXFrameworksBuildPhase;
			buildActionMask = 2147483647;
			files = (
				E8C6B2A140F53FA5EF54965B /* Pods_ReSwiftTodoTests.framework in Frameworks */,
			);
			runOnlyForDeploymentPostprocessing = 0;
		};
		1BB578321DE5D2BD0074B15B /* Frameworks */ = {
			isa = PBXFrameworksBuildPhase;
			buildActionMask = 2147483647;
			files = (
				B662FF1D7C12319E717A1E61 /* Pods_ReSwiftTodoUITests.framework in Frameworks */,
			);
			runOnlyForDeploymentPostprocessing = 0;
		};
/* End PBXFrameworksBuildPhase section */

/* Begin PBXGroup section */
		1BB5780D1DE5D2BD0074B15B = {
			isa = PBXGroup;
			children = (
				1BB578181DE5D2BD0074B15B /* ReSwiftTodo */,
				1BB5782D1DE5D2BD0074B15B /* ReSwiftTodoTests */,
				1BB578381DE5D2BD0074B15B /* ReSwiftTodoUITests */,
				1BB578171DE5D2BD0074B15B /* Products */,
				9CEDA9059A4E87BFD8F1B273 /* Pods */,
				255D6CF10DBA54987AC7FE04 /* Frameworks */,
			);
			sourceTree = "<group>";
		};
		1BB578171DE5D2BD0074B15B /* Products */ = {
			isa = PBXGroup;
			children = (
				1BB578161DE5D2BD0074B15B /* ReSwiftTodo.app */,
				1BB5782A1DE5D2BD0074B15B /* ReSwiftTodoTests.xctest */,
				1BB578351DE5D2BD0074B15B /* ReSwiftTodoUITests.xctest */,
			);
			name = Products;
			sourceTree = "<group>";
		};
		1BB578181DE5D2BD0074B15B /* ReSwiftTodo */ = {
			isa = PBXGroup;
			children = (
				1BB578531DE5D7E00074B15B /* Model */,
				1BB578501DE5D4A00074B15B /* Store */,
				1BB5784F1DE5D3E60074B15B /* Reducers */,
				1BB5784E1DE5D3CE0074B15B /* State */,
				1BB5784B1DE5D39F0074B15B /* Action */,
				1BB578471DE5D2FC0074B15B /* Cartfile */,
				1BB578191DE5D2BD0074B15B /* AppDelegate.swift */,
				1BB5781B1DE5D2BD0074B15B /* ViewController.swift */,
				1BB5781D1DE5D2BD0074B15B /* Main.storyboard */,
				1BB578201DE5D2BD0074B15B /* Assets.xcassets */,
				1BB578221DE5D2BD0074B15B /* LaunchScreen.storyboard */,
				1BB578251DE5D2BD0074B15B /* Info.plist */,
				1BB5785E1DE5E17B0074B15B /* TodoTableViewCell.swift */,
				1BB5786B1DE5E7610074B15B /* AddTodoViewController.swift */,
			);
			path = ReSwiftTodo;
			sourceTree = "<group>";
		};
		1BB5782D1DE5D2BD0074B15B /* ReSwiftTodoTests */ = {
			isa = PBXGroup;
			children = (
				1BB5782E1DE5D2BD0074B15B /* ReSwiftTodoTests.swift */,
				1BB578301DE5D2BD0074B15B /* Info.plist */,
			);
			path = ReSwiftTodoTests;
			sourceTree = "<group>";
		};
		1BB578381DE5D2BD0074B15B /* ReSwiftTodoUITests */ = {
			isa = PBXGroup;
			children = (
				1BB578391DE5D2BD0074B15B /* ReSwiftTodoUITests.swift */,
				1BB5783B1DE5D2BD0074B15B /* Info.plist */,
			);
			path = ReSwiftTodoUITests;
			sourceTree = "<group>";
		};
		1BB5784B1DE5D39F0074B15B /* Action */ = {
			isa = PBXGroup;
			children = (
				1BB578511DE5D6240074B15B /* TodoAction.swift */,
			);
			name = Action;
			sourceTree = "<group>";
		};
		1BB5784E1DE5D3CE0074B15B /* State */ = {
			isa = PBXGroup;
			children = (
				1BB578581DE5D8C70074B15B /* TodoListState.swift */,
			);
			name = State;
			sourceTree = "<group>";
		};
		1BB5784F1DE5D3E60074B15B /* Reducers */ = {
			isa = PBXGroup;
			children = (
				1BB5785C1DE5DC1C0074B15B /* TodoListReducer.swift */,
			);
			name = Reducers;
			sourceTree = "<group>";
		};
		1BB578501DE5D4A00074B15B /* Store */ = {
			isa = PBXGroup;
			children = (
				1BB578561DE5D84F0074B15B /* TodoStore.swift */,
			);
			name = Store;
			sourceTree = "<group>";
		};
		1BB578531DE5D7E00074B15B /* Model */ = {
			isa = PBXGroup;
			children = (
				1BB578541DE5D7EC0074B15B /* Todo.swift */,
				1BB5785A1DE5D8E70074B15B /* TodoList.swift */,
			);
			name = Model;
			sourceTree = "<group>";
		};
		255D6CF10DBA54987AC7FE04 /* Frameworks */ = {
			isa = PBXGroup;
			children = (
				89235067754836B8643AA39A /* Pods_ReSwiftTodo.framework */,
				EC08BE56D6640E3796021B27 /* Pods_ReSwiftTodoTests.framework */,
				A991F6059FFB11506DEF015C /* Pods_ReSwiftTodoUITests.framework */,
			);
			name = Frameworks;
			sourceTree = "<group>";
		};
		9CEDA9059A4E87BFD8F1B273 /* Pods */ = {
			isa = PBXGroup;
			children = (
				C8D1F06AE87F1E446E427CA5 /* Pods-ReSwiftTodo.debug.xcconfig */,
				4D1C414C3EB912EA4B526885 /* Pods-ReSwiftTodo.release.xcconfig */,
				DC05E4CBFA9DB179014AF7B4 /* Pods-ReSwiftTodoTests.debug.xcconfig */,
				ADFEC32F97FA350397DCB8EE /* Pods-ReSwiftTodoTests.release.xcconfig */,
				98CC164DC2A2C559B62D7179 /* Pods-ReSwiftTodoUITests.debug.xcconfig */,
				5C0D7319015BA42B0AA5EC16 /* Pods-ReSwiftTodoUITests.release.xcconfig */,
			);
			name = Pods;
			sourceTree = "<group>";
		};
/* End PBXGroup section */

/* Begin PBXNativeTarget section */
		1BB578151DE5D2BD0074B15B /* ReSwiftTodo */ = {
			isa = PBXNativeTarget;
			buildConfigurationList = 1BB5783E1DE5D2BD0074B15B /* Build configuration list for PBXNativeTarget "ReSwiftTodo" */;
			buildPhases = (
				1C4B29433E53F2BEFA2072A5 /* [CP] Check Pods Manifest.lock */,
				1BB578121DE5D2BD0074B15B /* Sources */,
				1BB578131DE5D2BD0074B15B /* Frameworks */,
				1BB578141DE5D2BD0074B15B /* Resources */,
				8560CA3877B4F6C6E92B21BF /* [CP] Embed Pods Frameworks */,
				4180624D15CB8C05FFB0645D /* [CP] Copy Pods Resources */,
			);
			buildRules = (
			);
			dependencies = (
			);
			name = ReSwiftTodo;
			productName = ReSwiftTodo;
			productReference = 1BB578161DE5D2BD0074B15B /* ReSwiftTodo.app */;
			productType = "com.apple.product-type.application";
		};
		1BB578291DE5D2BD0074B15B /* ReSwiftTodoTests */ = {
			isa = PBXNativeTarget;
			buildConfigurationList = 1BB578411DE5D2BD0074B15B /* Build configuration list for PBXNativeTarget "ReSwiftTodoTests" */;
			buildPhases = (
				0847680A18F15CD02435C242 /* [CP] Check Pods Manifest.lock */,
				1BB578261DE5D2BD0074B15B /* Sources */,
				1BB578271DE5D2BD0074B15B /* Frameworks */,
				1BB578281DE5D2BD0074B15B /* Resources */,
				140836C531356B67C4627E7D /* [CP] Embed Pods Frameworks */,
				753188F6B9F9938DCB99C7BB /* [CP] Copy Pods Resources */,
			);
			buildRules = (
			);
			dependencies = (
				1BB5782C1DE5D2BD0074B15B /* PBXTargetDependency */,
			);
			name = ReSwiftTodoTests;
			productName = ReSwiftTodoTests;
			productReference = 1BB5782A1DE5D2BD0074B15B /* ReSwiftTodoTests.xctest */;
			productType = "com.apple.product-type.bundle.unit-test";
		};
		1BB578341DE5D2BD0074B15B /* ReSwiftTodoUITests */ = {
			isa = PBXNativeTarget;
			buildConfigurationList = 1BB578441DE5D2BD0074B15B /* Build configuration list for PBXNativeTarget "ReSwiftTodoUITests" */;
			buildPhases = (
				91753AD94BB322E34D2BF668 /* [CP] Check Pods Manifest.lock */,
				1BB578311DE5D2BD0074B15B /* Sources */,
				1BB578321DE5D2BD0074B15B /* Frameworks */,
				1BB578331DE5D2BD0074B15B /* Resources */,
				2D6DAAAA77229DC3B5740BB2 /* [CP] Embed Pods Frameworks */,
				B64F1E5F762EDF111E218C1F /* [CP] Copy Pods Resources */,
			);
			buildRules = (
			);
			dependencies = (
				1BB578371DE5D2BD0074B15B /* PBXTargetDependency */,
			);
			name = ReSwiftTodoUITests;
			productName = ReSwiftTodoUITests;
			productReference = 1BB578351DE5D2BD0074B15B /* ReSwiftTodoUITests.xctest */;
			productType = "com.apple.product-type.bundle.ui-testing";
		};
/* End PBXNativeTarget section */

/* Begin PBXProject section */
		1BB5780E1DE5D2BD0074B15B /* Project object */ = {
			isa = PBXProject;
			attributes = {
				LastSwiftUpdateCheck = 0810;
				LastUpgradeCheck = 0810;
				ORGANIZATIONNAME = Hong;
				TargetAttributes = {
					1BB578151DE5D2BD0074B15B = {
						CreatedOnToolsVersion = 8.1;
						ProvisioningStyle = Automatic;
					};
					1BB578291DE5D2BD0074B15B = {
						CreatedOnToolsVersion = 8.1;
						ProvisioningStyle = Automatic;
						TestTargetID = 1BB578151DE5D2BD0074B15B;
					};
					1BB578341DE5D2BD0074B15B = {
						CreatedOnToolsVersion = 8.1;
						ProvisioningStyle = Automatic;
						TestTargetID = 1BB578151DE5D2BD0074B15B;
					};
				};
			};
			buildConfigurationList = 1BB578111DE5D2BD0074B15B /* Build configuration list for PBXProject "ReSwiftTodo" */;
			compatibilityVersion = "Xcode 3.2";
			developmentRegion = English;
			hasScannedForEncodings = 0;
			knownRegions = (
				en,
				Base,
			);
			mainGroup = 1BB5780D1DE5D2BD0074B15B;
			productRefGroup = 1BB578171DE5D2BD0074B15B /* Products */;
			projectDirPath = "";
			projectRoot = "";
			targets = (
				1BB578151DE5D2BD0074B15B /* ReSwiftTodo */,
				1BB578291DE5D2BD0074B15B /* ReSwiftTodoTests */,
				1BB578341DE5D2BD0074B15B /* ReSwiftTodoUITests */,
			);
		};
/* End PBXProject section */

/* Begin PBXResourcesBuildPhase section */
		1BB578141DE5D2BD0074B15B /* Resources */ = {
			isa = PBXResourcesBuildPhase;
			buildActionMask = 2147483647;
			files = (
				1BB578241DE5D2BD0074B15B /* LaunchScreen.storyboard in Resources */,
				1BB578211DE5D2BD0074B15B /* Assets.xcassets in Resources */,
				1BB578481DE5D2FC0074B15B /* Cartfile in Resources */,
				1BB5781F1DE5D2BD0074B15B /* Main.storyboard in Resources */,
			);
			runOnlyForDeploymentPostprocessing = 0;
		};
		1BB578281DE5D2BD0074B15B /* Resources */ = {
			isa = PBXResourcesBuildPhase;
			buildActionMask = 2147483647;
			files = (
			);
			runOnlyForDeploymentPostprocessing = 0;
		};
		1BB578331DE5D2BD0074B15B /* Resources */ = {
			isa = PBXResourcesBuildPhase;
			buildActionMask = 2147483647;
			files = (
			);
			runOnlyForDeploymentPostprocessing = 0;
		};
/* End PBXResourcesBuildPhase section */

/* Begin PBXShellScriptBuildPhase section */
		0847680A18F15CD02435C242 /* [CP] Check Pods Manifest.lock */ = {
			isa = PBXShellScriptBuildPhase;
			buildActionMask = 2147483647;
			files = (
			);
			inputPaths = (
			);
			name = "[CP] Check Pods Manifest.lock";
			outputPaths = (
			);
			runOnlyForDeploymentPostprocessing = 0;
			shellPath = /bin/sh;
			shellScript = "diff \"${PODS_ROOT}/../Podfile.lock\" \"${PODS_ROOT}/Manifest.lock\" > /dev/null\nif [ $? != 0 ] ; then\n    # print error to STDERR\n    echo \"error: The sandbox is not in sync with the Podfile.lock. Run 'pod install' or update your CocoaPods installation.\" >&2\n    exit 1\nfi\n";
			showEnvVarsInLog = 0;
		};
		140836C531356B67C4627E7D /* [CP] Embed Pods Frameworks */ = {
			isa = PBXShellScriptBuildPhase;
			buildActionMask = 2147483647;
			files = (
			);
			inputPaths = (
			);
			name = "[CP] Embed Pods Frameworks";
			outputPaths = (
			);
			runOnlyForDeploymentPostprocessing = 0;
			shellPath = /bin/sh;
			shellScript = "\"${SRCROOT}/Pods/Target Support Files/Pods-ReSwiftTodoTests/Pods-ReSwiftTodoTests-frameworks.sh\"\n";
			showEnvVarsInLog = 0;
		};
		1C4B29433E53F2BEFA2072A5 /* [CP] Check Pods Manifest.lock */ = {
			isa = PBXShellScriptBuildPhase;
			buildActionMask = 2147483647;
			files = (
			);
			inputPaths = (
			);
			name = "[CP] Check Pods Manifest.lock";
			outputPaths = (
			);
			runOnlyForDeploymentPostprocessing = 0;
			shellPath = /bin/sh;
			shellScript = "diff \"${PODS_ROOT}/../Podfile.lock\" \"${PODS_ROOT}/Manifest.lock\" > /dev/null\nif [ $? != 0 ] ; then\n    # print error to STDERR\n    echo \"error: The sandbox is not in sync with the Podfile.lock. Run 'pod install' or update your CocoaPods installation.\" >&2\n    exit 1\nfi\n";
			showEnvVarsInLog = 0;
		};
		2D6DAAAA77229DC3B5740BB2 /* [CP] Embed Pods Frameworks */ = {
			isa = PBXShellScriptBuildPhase;
			buildActionMask = 2147483647;
			files = (
			);
			inputPaths = (
			);
			name = "[CP] Embed Pods Frameworks";
			outputPaths = (
			);
			runOnlyForDeploymentPostprocessing = 0;
			shellPath = /bin/sh;
			shellScript = "\"${SRCROOT}/Pods/Target Support Files/Pods-ReSwiftTodoUITests/Pods-ReSwiftTodoUITests-frameworks.sh\"\n";
			showEnvVarsInLog = 0;
		};
		4180624D15CB8C05FFB0645D /* [CP] Copy Pods Resources */ = {
			isa = PBXShellScriptBuildPhase;
			buildActionMask = 2147483647;
			files = (
			);
			inputPaths = (
			);
			name = "[CP] Copy Pods Resources";
			outputPaths = (
			);
			runOnlyForDeploymentPostprocessing = 0;
			shellPath = /bin/sh;
			shellScript = "\"${SRCROOT}/Pods/Target Support Files/Pods-ReSwiftTodo/Pods-ReSwiftTodo-resources.sh\"\n";
			showEnvVarsInLog = 0;
		};
		753188F6B9F9938DCB99C7BB /* [CP] Copy Pods Resources */ = {
			isa = PBXShellScriptBuildPhase;
			buildActionMask = 2147483647;
			files = (
			);
			inputPaths = (
			);
			name = "[CP] Copy Pods Resources";
			outputPaths = (
			);
			runOnlyForDeploymentPostprocessing = 0;
			shellPath = /bin/sh;
			shellScript = "\"${SRCROOT}/Pods/Target Support Files/Pods-ReSwiftTodoTests/Pods-ReSwiftTodoTests-resources.sh\"\n";
			showEnvVarsInLog = 0;
		};
		8560CA3877B4F6C6E92B21BF /* [CP] Embed Pods Frameworks */ = {
			isa = PBXShellScriptBuildPhase;
			buildActionMask = 2147483647;
			files = (
			);
			inputPaths = (
			);
			name = "[CP] Embed Pods Frameworks";
			outputPaths = (
			);
			runOnlyForDeploymentPostprocessing = 0;
			shellPath = /bin/sh;
			shellScript = "\"${SRCROOT}/Pods/Target Support Files/Pods-ReSwiftTodo/Pods-ReSwiftTodo-frameworks.sh\"\n";
			showEnvVarsInLog = 0;
		};
		91753AD94BB322E34D2BF668 /* [CP] Check Pods Manifest.lock */ = {
			isa = PBXShellScriptBuildPhase;
			buildActionMask = 2147483647;
			files = (
			);
			inputPaths = (
			);
			name = "[CP] Check Pods Manifest.lock";
			outputPaths = (
			);
			runOnlyForDeploymentPostprocessing = 0;
			shellPath = /bin/sh;
			shellScript = "diff \"${PODS_ROOT}/../Podfile.lock\" \"${PODS_ROOT}/Manifest.lock\" > /dev/null\nif [ $? != 0 ] ; then\n    # print error to STDERR\n    echo \"error: The sandbox is not in sync with the Podfile.lock. Run 'pod install' or update your CocoaPods installation.\" >&2\n    exit 1\nfi\n";
			showEnvVarsInLog = 0;
		};
		B64F1E5F762EDF111E218C1F /* [CP] Copy Pods Resources */ = {
			isa = PBXShellScriptBuildPhase;
			buildActionMask = 2147483647;
			files = (
			);
			inputPaths = (
			);
			name = "[CP] Copy Pods Resources";
			outputPaths = (
			);
			runOnlyForDeploymentPostprocessing = 0;
			shellPath = /bin/sh;
			shellScript = "\"${SRCROOT}/Pods/Target Support Files/Pods-ReSwiftTodoUITests/Pods-ReSwiftTodoUITests-resources.sh\"\n";
			showEnvVarsInLog = 0;
		};
/* End PBXShellScriptBuildPhase section */

/* Begin PBXSourcesBuildPhase section */
		1BB578121DE5D2BD0074B15B /* Sources */ = {
			isa = PBXSourcesBuildPhase;
			buildActionMask = 2147483647;
			files = (
				1BB578521DE5D6240074B15B /* TodoAction.swift in Sources */,
				1BB5785B1DE5D8E70074B15B /* TodoList.swift in Sources */,
				1BB578571DE5D84F0074B15B /* TodoStore.swift in Sources */,
				1BB5785F1DE5E17B0074B15B /* TodoTableViewCell.swift in Sources */,
				1BB5781C1DE5D2BD0074B15B /* ViewController.swift in Sources */,
				1BB5785D1DE5DC1C0074B15B /* TodoListReducer.swift in Sources */,
				1BB5786C1DE5E7610074B15B /* AddTodoViewController.swift in Sources */,
				1BB5781A1DE5D2BD0074B15B /* AppDelegate.swift in Sources */,
				1BB578551DE5D7EC0074B15B /* Todo.swift in Sources */,
				1BB578591DE5D8C70074B15B /* TodoListState.swift in Sources */,
			);
			runOnlyForDeploymentPostprocessing = 0;
		};
		1BB578261DE5D2BD0074B15B /* Sources */ = {
			isa = PBXSourcesBuildPhase;
			buildActionMask = 2147483647;
			files = (
				1BB5782F1DE5D2BD0074B15B /* ReSwiftTodoTests.swift in Sources */,
			);
			runOnlyForDeploymentPostprocessing = 0;
		};
		1BB578311DE5D2BD0074B15B /* Sources */ = {
			isa = PBXSourcesBuildPhase;
			buildActionMask = 2147483647;
			files = (
				1BB5783A1DE5D2BD0074B15B /* ReSwiftTodoUITests.swift in Sources */,
			);
			runOnlyForDeploymentPostprocessing = 0;
		};
/* End PBXSourcesBuildPhase section */

/* Begin PBXTargetDependency section */
		1BB5782C1DE5D2BD0074B15B /* PBXTargetDependency */ = {
			isa = PBXTargetDependency;
			target = 1BB578151DE5D2BD0074B15B /* ReSwiftTodo */;
			targetProxy = 1BB5782B1DE5D2BD0074B15B /* PBXContainerItemProxy */;
		};
		1BB578371DE5D2BD0074B15B /* PBXTargetDependency */ = {
			isa = PBXTargetDependency;
			target = 1BB578151DE5D2BD0074B15B /* ReSwiftTodo */;
			targetProxy = 1BB578361DE5D2BD0074B15B /* PBXContainerItemProxy */;
		};
/* End PBXTargetDependency section */

/* Begin PBXVariantGroup section */
		1BB5781D1DE5D2BD0074B15B /* Main.storyboard */ = {
			isa = PBXVariantGroup;
			children = (
				1BB5781E1DE5D2BD0074B15B /* Base */,
			);
			name = Main.storyboard;
			sourceTree = "<group>";
		};
		1BB578221DE5D2BD0074B15B /* LaunchScreen.storyboard */ = {
			isa = PBXVariantGroup;
			children = (
				1BB578231DE5D2BD0074B15B /* Base */,
			);
			name = LaunchScreen.storyboard;
			sourceTree = "<group>";
		};
/* End PBXVariantGroup section */

/* Begin XCBuildConfiguration section */
		1BB5783C1DE5D2BD0074B15B /* Debug */ = {
			isa = XCBuildConfiguration;
			buildSettings = {
				ALWAYS_SEARCH_USER_PATHS = NO;
				CLANG_ANALYZER_NONNULL = YES;
				CLANG_CXX_LANGUAGE_STANDARD = "gnu++0x";
				CLANG_CXX_LIBRARY = "libc++";
				CLANG_ENABLE_MODULES = YES;
				CLANG_ENABLE_OBJC_ARC = YES;
				CLANG_WARN_BOOL_CONVERSION = YES;
				CLANG_WARN_CONSTANT_CONVERSION = YES;
				CLANG_WARN_DIRECT_OBJC_ISA_USAGE = YES_ERROR;
				CLANG_WARN_DOCUMENTATION_COMMENTS = YES;
				CLANG_WARN_EMPTY_BODY = YES;
				CLANG_WARN_ENUM_CONVERSION = YES;
				CLANG_WARN_INFINITE_RECURSION = YES;
				CLANG_WARN_INT_CONVERSION = YES;
				CLANG_WARN_OBJC_ROOT_CLASS = YES_ERROR;
				CLANG_WARN_SUSPICIOUS_MOVES = YES;
				CLANG_WARN_UNREACHABLE_CODE = YES;
				CLANG_WARN__DUPLICATE_METHOD_MATCH = YES;
				"CODE_SIGN_IDENTITY[sdk=iphoneos*]" = "iPhone Developer";
				COPY_PHASE_STRIP = NO;
				DEBUG_INFORMATION_FORMAT = dwarf;
				ENABLE_STRICT_OBJC_MSGSEND = YES;
				ENABLE_TESTABILITY = YES;
				GCC_C_LANGUAGE_STANDARD = gnu99;
				GCC_DYNAMIC_NO_PIC = NO;
				GCC_NO_COMMON_BLOCKS = YES;
				GCC_OPTIMIZATION_LEVEL = 0;
				GCC_PREPROCESSOR_DEFINITIONS = (
					"DEBUG=1",
					"$(inherited)",
				);
				GCC_WARN_64_TO_32_BIT_CONVERSION = YES;
				GCC_WARN_ABOUT_RETURN_TYPE = YES_ERROR;
				GCC_WARN_UNDECLARED_SELECTOR = YES;
				GCC_WARN_UNINITIALIZED_AUTOS = YES_AGGRESSIVE;
				GCC_WARN_UNUSED_FUNCTION = YES;
				GCC_WARN_UNUSED_VARIABLE = YES;
				IPHONEOS_DEPLOYMENT_TARGET = 10.1;
				MTL_ENABLE_DEBUG_INFO = YES;
				ONLY_ACTIVE_ARCH = YES;
				SDKROOT = iphoneos;
				SWIFT_ACTIVE_COMPILATION_CONDITIONS = DEBUG;
				SWIFT_OPTIMIZATION_LEVEL = "-Onone";
				TARGETED_DEVICE_FAMILY = "1,2";
			};
			name = Debug;
		};
		1BB5783D1DE5D2BD0074B15B /* Release */ = {
			isa = XCBuildConfiguration;
			buildSettings = {
				ALWAYS_SEARCH_USER_PATHS = NO;
				CLANG_ANALYZER_NONNULL = YES;
				CLANG_CXX_LANGUAGE_STANDARD = "gnu++0x";
				CLANG_CXX_LIBRARY = "libc++";
				CLANG_ENABLE_MODULES = YES;
				CLANG_ENABLE_OBJC_ARC = YES;
				CLANG_WARN_BOOL_CONVERSION = YES;
				CLANG_WARN_CONSTANT_CONVERSION = YES;
				CLANG_WARN_DIRECT_OBJC_ISA_USAGE = YES_ERROR;
				CLANG_WARN_DOCUMENTATION_COMMENTS = YES;
				CLANG_WARN_EMPTY_BODY = YES;
				CLANG_WARN_ENUM_CONVERSION = YES;
				CLANG_WARN_INFINITE_RECURSION = YES;
				CLANG_WARN_INT_CONVERSION = YES;
				CLANG_WARN_OBJC_ROOT_CLASS = YES_ERROR;
				CLANG_WARN_SUSPICIOUS_MOVES = YES;
				CLANG_WARN_UNREACHABLE_CODE = YES;
				CLANG_WARN__DUPLICATE_METHOD_MATCH = YES;
				"CODE_SIGN_IDENTITY[sdk=iphoneos*]" = "iPhone Developer";
				COPY_PHASE_STRIP = NO;
				DEBUG_INFORMATION_FORMAT = "dwarf-with-dsym";
				ENABLE_NS_ASSERTIONS = NO;
				ENABLE_STRICT_OBJC_MSGSEND = YES;
				GCC_C_LANGUAGE_STANDARD = gnu99;
				GCC_NO_COMMON_BLOCKS = YES;
				GCC_WARN_64_TO_32_BIT_CONVERSION = YES;
				GCC_WARN_ABOUT_RETURN_TYPE = YES_ERROR;
				GCC_WARN_UNDECLARED_SELECTOR = YES;
				GCC_WARN_UNINITIALIZED_AUTOS = YES_AGGRESSIVE;
				GCC_WARN_UNUSED_FUNCTION = YES;
				GCC_WARN_UNUSED_VARIABLE = YES;
				IPHONEOS_DEPLOYMENT_TARGET = 10.1;
				MTL_ENABLE_DEBUG_INFO = NO;
				SDKROOT = iphoneos;
				SWIFT_OPTIMIZATION_LEVEL = "-Owholemodule";
				TARGETED_DEVICE_FAMILY = "1,2";
				VALIDATE_PRODUCT = YES;
			};
			name = Release;
		};
		1BB5783F1DE5D2BD0074B15B /* Debug */ = {
			isa = XCBuildConfiguration;
			baseConfigurationReference = C8D1F06AE87F1E446E427CA5 /* Pods-ReSwiftTodo.debug.xcconfig */;
			buildSettings = {
				ASSETCATALOG_COMPILER_APPICON_NAME = AppIcon;
				FRAMEWORK_SEARCH_PATHS = (
					"$(inherited)",
					"$(PROJECT_DIR)/Carthage/Build/iOS",
				);
				INFOPLIST_FILE = ReSwiftTodo/Info.plist;
				LD_RUNPATH_SEARCH_PATHS = "$(inherited) @executable_path/Frameworks";
				PRODUCT_BUNDLE_IDENTIFIER = com.pointwelve.ReSwiftTodo;
				PRODUCT_NAME = "$(TARGET_NAME)";
				SWIFT_VERSION = 3.0;
			};
			name = Debug;
		};
		1BB578401DE5D2BD0074B15B /* Release */ = {
			isa = XCBuildConfiguration;
			baseConfigurationReference = 4D1C414C3EB912EA4B526885 /* Pods-ReSwiftTodo.release.xcconfig */;
			buildSettings = {
				ASSETCATALOG_COMPILER_APPICON_NAME = AppIcon;
				FRAMEWORK_SEARCH_PATHS = (
					"$(inherited)",
					"$(PROJECT_DIR)/Carthage/Build/iOS",
				);
				INFOPLIST_FILE = ReSwiftTodo/Info.plist;
				LD_RUNPATH_SEARCH_PATHS = "$(inherited) @executable_path/Frameworks";
				PRODUCT_BUNDLE_IDENTIFIER = com.pointwelve.ReSwiftTodo;
				PRODUCT_NAME = "$(TARGET_NAME)";
				SWIFT_VERSION = 3.0;
			};
			name = Release;
		};
		1BB578421DE5D2BD0074B15B /* Debug */ = {
			isa = XCBuildConfiguration;
			baseConfigurationReference = DC05E4CBFA9DB179014AF7B4 /* Pods-ReSwiftTodoTests.debug.xcconfig */;
			buildSettings = {
				ALWAYS_EMBED_SWIFT_STANDARD_LIBRARIES = YES;
				BUNDLE_LOADER = "$(TEST_HOST)";
				INFOPLIST_FILE = ReSwiftTodoTests/Info.plist;
				LD_RUNPATH_SEARCH_PATHS = "$(inherited) @executable_path/Frameworks @loader_path/Frameworks";
				PRODUCT_BUNDLE_IDENTIFIER = com.pointwelve.ReSwiftTodoTests;
				PRODUCT_NAME = "$(TARGET_NAME)";
				SWIFT_VERSION = 3.0;
				TEST_HOST = "$(BUILT_PRODUCTS_DIR)/ReSwiftTodo.app/ReSwiftTodo";
			};
			name = Debug;
		};
		1BB578431DE5D2BD0074B15B /* Release */ = {
			isa = XCBuildConfiguration;
			baseConfigurationReference = ADFEC32F97FA350397DCB8EE /* Pods-ReSwiftTodoTests.release.xcconfig */;
			buildSettings = {
				ALWAYS_EMBED_SWIFT_STANDARD_LIBRARIES = YES;
				BUNDLE_LOADER = "$(TEST_HOST)";
				INFOPLIST_FILE = ReSwiftTodoTests/Info.plist;
				LD_RUNPATH_SEARCH_PATHS = "$(inherited) @executable_path/Frameworks @loader_path/Frameworks";
				PRODUCT_BUNDLE_IDENTIFIER = com.pointwelve.ReSwiftTodoTests;
				PRODUCT_NAME = "$(TARGET_NAME)";
				SWIFT_VERSION = 3.0;
				TEST_HOST = "$(BUILT_PRODUCTS_DIR)/ReSwiftTodo.app/ReSwiftTodo";
			};
			name = Release;
		};
		1BB578451DE5D2BD0074B15B /* Debug */ = {
			isa = XCBuildConfiguration;
			baseConfigurationReference = 98CC164DC2A2C559B62D7179 /* Pods-ReSwiftTodoUITests.debug.xcconfig */;
			buildSettings = {
				ALWAYS_EMBED_SWIFT_STANDARD_LIBRARIES = YES;
				INFOPLIST_FILE = ReSwiftTodoUITests/Info.plist;
				LD_RUNPATH_SEARCH_PATHS = "$(inherited) @executable_path/Frameworks @loader_path/Frameworks";
				PRODUCT_BUNDLE_IDENTIFIER = com.pointwelve.ReSwiftTodoUITests;
				PRODUCT_NAME = "$(TARGET_NAME)";
				SWIFT_VERSION = 3.0;
				TEST_TARGET_NAME = ReSwiftTodo;
			};
			name = Debug;
		};
		1BB578461DE5D2BD0074B15B /* Release */ = {
			isa = XCBuildConfiguration;
			baseConfigurationReference = 5C0D7319015BA42B0AA5EC16 /* Pods-ReSwiftTodoUITests.release.xcconfig */;
			buildSettings = {
				ALWAYS_EMBED_SWIFT_STANDARD_LIBRARIES = YES;
				INFOPLIST_FILE = ReSwiftTodoUITests/Info.plist;
				LD_RUNPATH_SEARCH_PATHS = "$(inherited) @executable_path/Frameworks @loader_path/Frameworks";
				PRODUCT_BUNDLE_IDENTIFIER = com.pointwelve.ReSwiftTodoUITests;
				PRODUCT_NAME = "$(TARGET_NAME)";
				SWIFT_VERSION = 3.0;
				TEST_TARGET_NAME = ReSwiftTodo;
			};
			name = Release;
		};
/* End XCBuildConfiguration section */

/* Begin XCConfigurationList section */
		1BB578111DE5D2BD0074B15B /* Build configuration list for PBXProject "ReSwiftTodo" */ = {
			isa = XCConfigurationList;
			buildConfigurations = (
				1BB5783C1DE5D2BD0074B15B /* Debug */,
				1BB5783D1DE5D2BD0074B15B /* Release */,
			);
			defaultConfigurationIsVisible = 0;
			defaultConfigurationName = Release;
		};
		1BB5783E1DE5D2BD0074B15B /* Build configuration list for PBXNativeTarget "ReSwiftTodo" */ = {
			isa = XCConfigurationList;
			buildConfigurations = (
				1BB5783F1DE5D2BD0074B15B /* Debug */,
				1BB578401DE5D2BD0074B15B /* Release */,
			);
			defaultConfigurationIsVisible = 0;
			defaultConfigurationName = Release;
		};
		1BB578411DE5D2BD0074B15B /* Build configuration list for PBXNativeTarget "ReSwiftTodoTests" */ = {
			isa = XCConfigurationList;
			buildConfigurations = (
				1BB578421DE5D2BD0074B15B /* Debug */,
				1BB578431DE5D2BD0074B15B /* Release */,
			);
			defaultConfigurationIsVisible = 0;
			defaultConfigurationName = Release;
		};
		1BB578441DE5D2BD0074B15B /* Build configuration list for PBXNativeTarget "ReSwiftTodoUITests" */ = {
			isa = XCConfigurationList;
			buildConfigurations = (
				1BB578451DE5D2BD0074B15B /* Debug */,
				1BB578461DE5D2BD0074B15B /* Release */,
			);
			defaultConfigurationIsVisible = 0;
			defaultConfigurationName = Release;
		};
/* End XCConfigurationList section */
	};
	rootObject = 1BB5780E1DE5D2BD0074B15B /* Project object */;
}
